
Microsoft Visual Studio Solution File, Format Version 12.00
# Visual Studio 15
VisualStudioVersion = 15.0.28010.2046
MinimumVisualStudioVersion = 10.0.40219.1
Project("{FAE04EC0-301F-11D3-BF4B-00C04F79EFBC}") = "App1.Android", "App1\App1.Android\App1.Android.csproj", "{EB93D5CD-2821-4969-96BF-F7CC0CB54EB5}"
EndProject
Project("{FAE04EC0-301F-11D3-BF4B-00C04F79EFBC}") = "App1.iOS", "App1\App1.iOS\App1.iOS.csproj", "{E5F47C17-D828-4D32-BE23-921FF6DEC509}"
EndProject
Project("{FAE04EC0-301F-11D3-BF4B-00C04F79EFBC}") = "App1.UWP", "App1\App1.UWP\App1.UWP.csproj", "{6F512DE6-39EC-45E1-8540-BD6CFD18914B}"
EndProject
Project("{FAE04EC0-301F-11D3-BF4B-00C04F79EFBC}") = "App1", "App1\App1\App1.csproj", "{D292468F-B17D-48C5-AC1E-A408742EBD6D}"
EndProject
Global
	GlobalSection(SolutionConfigurationPlatforms) = preSolution
		Ad-Hoc|Any CPU = Ad-Hoc|Any CPU
		Ad-Hoc|ARM = Ad-Hoc|ARM
		Ad-Hoc|iPhone = Ad-Hoc|iPhone
		Ad-Hoc|iPhoneSimulator = Ad-Hoc|iPhoneSimulator
		Ad-Hoc|x64 = Ad-Hoc|x64
		Ad-Hoc|x86 = Ad-Hoc|x86
		AppStore|Any CPU = AppStore|Any CPU
		AppStore|ARM = AppStore|ARM
		AppStore|iPhone = AppStore|iPhone
		AppStore|iPhoneSimulator = AppStore|iPhoneSimulator
		AppStore|x64 = AppStore|x64
		AppStore|x86 = AppStore|x86
		Debug|Any CPU = Debug|Any CPU
		Debug|ARM = Debug|ARM
		Debug|iPhone = Debug|iPhone
		Debug|iPhoneSimulator = Debug|iPhoneSimulator
		Debug|x64 = Debug|x64
		Debug|x86 = Debug|x86
		Release|Any CPU = Release|Any CPU
		Release|ARM = Release|ARM
		Release|iPhone = Release|iPhone
		Release|iPhoneSimulator = Release|iPhoneSimulator
		Release|x64 = Release|x64
		Release|x86 = Release|x86
	EndGlobalSection
	GlobalSection(ProjectConfigurationPlatforms) = postSolution
		{EB93D5CD-2821-4969-96BF-F7CC0CB54EB5}.Ad-Hoc|Any CPU.ActiveCfg = Release|Any CPU
		{EB93D5CD-2821-4969-96BF-F7CC0CB54EB5}.Ad-Hoc|Any CPU.Build.0 = Release|Any CPU
		{EB93D5CD-2821-4969-96BF-F7CC0CB54EB5}.Ad-Hoc|Any CPU.Deploy.0 = Release|Any CPU
		{EB93D5CD-2821-4969-96BF-F7CC0CB54EB5}.Ad-Hoc|ARM.ActiveCfg = Release|Any CPU
		{EB93D5CD-2821-4969-96BF-F7CC0CB54EB5}.Ad-Hoc|ARM.Build.0 = Release|Any CPU
		{EB93D5CD-2821-4969-96BF-F7CC0CB54EB5}.Ad-Hoc|ARM.Deploy.0 = Release|Any CPU
		{EB93D5CD-2821-4969-96BF-F7CC0CB54EB5}.Ad-Hoc|iPhone.ActiveCfg = Release|Any CPU
		{EB93D5CD-2821-4969-96BF-F7CC0CB54EB5}.Ad-Hoc|iPhone.Build.0 = Release|Any CPU
		{EB93D5CD-2821-4969-96BF-F7CC0CB54EB5}.Ad-Hoc|iPhone.Deploy.0 = Release|Any CPU
		{EB93D5CD-2821-4969-96BF-F7CC0CB54EB5}.Ad-Hoc|iPhoneSimulator.ActiveCfg = Release|Any CPU
		{EB93D5CD-2821-4969-96BF-F7CC0CB54EB5}.Ad-Hoc|iPhoneSimulator.Build.0 = Release|Any CPU
		{EB93D5CD-2821-4969-96BF-F7CC0CB54EB5}.Ad-Hoc|iPhoneSimulator.Deploy.0 = Release|Any CPU
		{EB93D5CD-2821-4969-96BF-F7CC0CB54EB5}.Ad-Hoc|x64.ActiveCfg = Release|Any CPU
		{EB93D5CD-2821-4969-96BF-F7CC0CB54EB5}.Ad-Hoc|x64.Build.0 = Release|Any CPU
		{EB93D5CD-2821-4969-96BF-F7CC0CB54EB5}.Ad-Hoc|x64.Deploy.0 = Release|Any CPU
		{EB93D5CD-2821-4969-96BF-F7CC0CB54EB5}.Ad-Hoc|x86.ActiveCfg = Release|Any CPU
		{EB93D5CD-2821-4969-96BF-F7CC0CB54EB5}.Ad-Hoc|x86.Build.0 = Release|Any CPU
		{EB93D5CD-2821-4969-96BF-F7CC0CB54EB5}.Ad-Hoc|x86.Deploy.0 = Release|Any CPU
		{EB93D5CD-2821-4969-96BF-F7CC0CB54EB5}.AppStore|Any CPU.ActiveCfg = Release|Any CPU
		{EB93D5CD-2821-4969-96BF-F7CC0CB54EB5}.AppStore|Any CPU.Build.0 = Release|Any CPU
		{EB93D5CD-2821-4969-96BF-F7CC0CB54EB5}.AppStore|Any CPU.Deploy.0 = Release|Any CPU
		{EB93D5CD-2821-4969-96BF-F7CC0CB54EB5}.AppStore|ARM.ActiveCfg = Release|Any CPU
		{EB93D5CD-2821-4969-96BF-F7CC0CB54EB5}.AppStore|ARM.Build.0 = Release|Any CPU
		{EB93D5CD-2821-4969-96BF-F7CC0CB54EB5}.AppStore|ARM.Deploy.0 = Release|Any CPU
		{EB93D5CD-2821-4969-96BF-F7CC0CB54EB5}.AppStore|iPhone.ActiveCfg = Release|Any CPU
		{EB93D5CD-2821-4969-96BF-F7CC0CB54EB5}.AppStore|iPhone.Build.0 = Release|Any CPU
		{EB93D5CD-2821-4969-96BF-F7CC0CB54EB5}.AppStore|iPhone.Deploy.0 = Release|Any CPU
		{EB93D5CD-2821-4969-96BF-F7CC0CB54EB5}.AppStore|iPhoneSimulator.ActiveCfg = Release|Any CPU
		{EB93D5CD-2821-4969-96BF-F7CC0CB54EB5}.AppStore|iPhoneSimulator.Build.0 = Release|Any CPU
		{EB93D5CD-2821-4969-96BF-F7CC0CB54EB5}.AppStore|iPhoneSimulator.Deploy.0 = Release|Any CPU
		{EB93D5CD-2821-4969-96BF-F7CC0CB54EB5}.AppStore|x64.ActiveCfg = Release|Any CPU
		{EB93D5CD-2821-4969-96BF-F7CC0CB54EB5}.AppStore|x64.Build.0 = Release|Any CPU
		{EB93D5CD-2821-4969-96BF-F7CC0CB54EB5}.AppStore|x64.Deploy.0 = Release|Any CPU
		{EB93D5CD-2821-4969-96BF-F7CC0CB54EB5}.AppStore|x86.ActiveCfg = Release|Any CPU
		{EB93D5CD-2821-4969-96BF-F7CC0CB54EB5}.AppStore|x86.Build.0 = Release|Any CPU
		{EB93D5CD-2821-4969-96BF-F7CC0CB54EB5}.AppStore|x86.Deploy.0 = Release|Any CPU
		{EB93D5CD-2821-4969-96BF-F7CC0CB54EB5}.Debug|Any CPU.ActiveCfg = Debug|Any CPU
		{EB93D5CD-2821-4969-96BF-F7CC0CB54EB5}.Debug|Any CPU.Build.0 = Debug|Any CPU
		{EB93D5CD-2821-4969-96BF-F7CC0CB54EB5}.Debug|Any CPU.Deploy.0 = Debug|Any CPU
		{EB93D5CD-2821-4969-96BF-F7CC0CB54EB5}.Debug|ARM.ActiveCfg = Debug|Any CPU
		{EB93D5CD-2821-4969-96BF-F7CC0CB54EB5}.Debug|ARM.Build.0 = Debug|Any CPU
		{EB93D5CD-2821-4969-96BF-F7CC0CB54EB5}.Debug|ARM.Deploy.0 = Debug|Any CPU
		{EB93D5CD-2821-4969-96BF-F7CC0CB54EB5}.Debug|iPhone.ActiveCfg = Debug|Any CPU
		{EB93D5CD-2821-4969-96BF-F7CC0CB54EB5}.Debug|iPhone.Build.0 = Debug|Any CPU
		{EB93D5CD-2821-4969-96BF-F7CC0CB54EB5}.Debug|iPhone.Deploy.0 = Debug|Any CPU
		{EB93D5CD-2821-4969-96BF-F7CC0CB54EB5}.Debug|iPhoneSimulator.ActiveCfg = Debug|Any CPU
		{EB93D5CD-2821-4969-96BF-F7CC0CB54EB5}.Debug|iPhoneSimulator.Build.0 = Debug|Any CPU
		{EB93D5CD-2821-4969-96BF-F7CC0CB54EB5}.Debug|iPhoneSimulator.Deploy.0 = Debug|Any CPU
		{EB93D5CD-2821-4969-96BF-F7CC0CB54EB5}.Debug|x64.ActiveCfg = Debug|Any CPU
		{EB93D5CD-2821-4969-96BF-F7CC0CB54EB5}.Debug|x64.Build.0 = Debug|Any CPU
		{EB93D5CD-2821-4969-96BF-F7CC0CB54EB5}.Debug|x64.Deploy.0 = Debug|Any CPU
		{EB93D5CD-2821-4969-96BF-F7CC0CB54EB5}.Debug|x86.ActiveCfg = Debug|Any CPU
		{EB93D5CD-2821-4969-96BF-F7CC0CB54EB5}.Debug|x86.Build.0 = Debug|Any CPU
		{EB93D5CD-2821-4969-96BF-F7CC0CB54EB5}.Debug|x86.Deploy.0 = Debug|Any CPU
		{EB93D5CD-2821-4969-96BF-F7CC0CB54EB5}.Release|Any CPU.ActiveCfg = Release|Any CPU
		{EB93D5CD-2821-4969-96BF-F7CC0CB54EB5}.Release|Any CPU.Build.0 = Release|Any CPU
		{EB93D5CD-2821-4969-96BF-F7CC0CB54EB5}.Release|Any CPU.Deploy.0 = Release|Any CPU
		{EB93D5CD-2821-4969-96BF-F7CC0CB54EB5}.Release|ARM.ActiveCfg = Release|Any CPU
		{EB93D5CD-2821-4969-96BF-F7CC0CB54EB5}.Release|ARM.Build.0 = Release|Any CPU
		{EB93D5CD-2821-4969-96BF-F7CC0CB54EB5}.Release|ARM.Deploy.0 = Release|Any CPU
		{EB93D5CD-2821-4969-96BF-F7CC0CB54EB5}.Release|iPhone.ActiveCfg = Release|Any CPU
		{EB93D5CD-2821-4969-96BF-F7CC0CB54EB5}.Release|iPhone.Build.0 = Release|Any CPU
		{EB93D5CD-2821-4969-96BF-F7CC0CB54EB5}.Release|iPhone.Deploy.0 = Release|Any CPU
		{EB93D5CD-2821-4969-96BF-F7CC0CB54EB5}.Release|iPhoneSimulator.ActiveCfg = Release|Any CPU
		{EB93D5CD-2821-4969-96BF-F7CC0CB54EB5}.Release|iPhoneSimulator.Build.0 = Release|Any CPU
		{EB93D5CD-2821-4969-96BF-F7CC0CB54EB5}.Release|iPhoneSimulator.Deploy.0 = Release|Any CPU
		{EB93D5CD-2821-4969-96BF-F7CC0CB54EB5}.Release|x64.ActiveCfg = Release|Any CPU
		{EB93D5CD-2821-4969-96BF-F7CC0CB54EB5}.Release|x64.Build.0 = Release|Any CPU
		{EB93D5CD-2821-4969-96BF-F7CC0CB54EB5}.Release|x64.Deploy.0 = Release|Any CPU
		{EB93D5CD-2821-4969-96BF-F7CC0CB54EB5}.Release|x86.ActiveCfg = Release|Any CPU
		{EB93D5CD-2821-4969-96BF-F7CC0CB54EB5}.Release|x86.Build.0 = Release|Any CPU
		{EB93D5CD-2821-4969-96BF-F7CC0CB54EB5}.Release|x86.Deploy.0 = Release|Any CPU
		{E5F47C17-D828-4D32-BE23-921FF6DEC509}.Ad-Hoc|Any CPU.ActiveCfg = Ad-Hoc|iPhone
		{E5F47C17-D828-4D32-BE23-921FF6DEC509}.Ad-Hoc|Any CPU.Build.0 = Ad-Hoc|iPhone
		{E5F47C17-D828-4D32-BE23-921FF6DEC509}.Ad-Hoc|Any CPU.Deploy.0 = Ad-Hoc|iPhone
		{E5F47C17-D828-4D32-BE23-921FF6DEC509}.Ad-Hoc|ARM.ActiveCfg = Ad-Hoc|iPhone
		{E5F47C17-D828-4D32-BE23-921FF6DEC509}.Ad-Hoc|ARM.Build.0 = Ad-Hoc|iPhone
		{E5F47C17-D828-4D32-BE23-921FF6DEC509}.Ad-Hoc|ARM.Deploy.0 = Ad-Hoc|iPhone
		{E5F47C17-D828-4D32-BE23-921FF6DEC509}.Ad-Hoc|iPhone.ActiveCfg = Ad-Hoc|iPhone
		{E5F47C17-D828-4D32-BE23-921FF6DEC509}.Ad-Hoc|iPhone.Build.0 = Ad-Hoc|iPhone
		{E5F47C17-D828-4D32-BE23-921FF6DEC509}.Ad-Hoc|iPhone.Deploy.0 = Ad-Hoc|iPhone
		{E5F47C17-D828-4D32-BE23-921FF6DEC509}.Ad-Hoc|iPhoneSimulator.ActiveCfg = Ad-Hoc|iPhoneSimulator
		{E5F47C17-D828-4D32-BE23-921FF6DEC509}.Ad-Hoc|iPhoneSimulator.Build.0 = Ad-Hoc|iPhoneSimulator
		{E5F47C17-D828-4D32-BE23-921FF6DEC509}.Ad-Hoc|iPhoneSimulator.Deploy.0 = Ad-Hoc|iPhoneSimulator
		{E5F47C17-D828-4D32-BE23-921FF6DEC509}.Ad-Hoc|x64.ActiveCfg = Ad-Hoc|iPhone
		{E5F47C17-D828-4D32-BE23-921FF6DEC509}.Ad-Hoc|x64.Build.0 = Ad-Hoc|iPhone
		{E5F47C17-D828-4D32-BE23-921FF6DEC509}.Ad-Hoc|x64.Deploy.0 = Ad-Hoc|iPhone
		{E5F47C17-D828-4D32-BE23-921FF6DEC509}.Ad-Hoc|x86.ActiveCfg = Ad-Hoc|iPhone
		{E5F47C17-D828-4D32-BE23-921FF6DEC509}.Ad-Hoc|x86.Build.0 = Ad-Hoc|iPhone
		{E5F47C17-D828-4D32-BE23-921FF6DEC509}.Ad-Hoc|x86.Deploy.0 = Ad-Hoc|iPhone
		{E5F47C17-D828-4D32-BE23-921FF6DEC509}.AppStore|Any CPU.ActiveCfg = AppStore|iPhone
		{E5F47C17-D828-4D32-BE23-921FF6DEC509}.AppStore|Any CPU.Build.0 = AppStore|iPhone
		{E5F47C17-D828-4D32-BE23-921FF6DEC509}.AppStore|Any CPU.Deploy.0 = AppStore|iPhone
		{E5F47C17-D828-4D32-BE23-921FF6DEC509}.AppStore|ARM.ActiveCfg = AppStore|iPhone
		{E5F47C17-D828-4D32-BE23-921FF6DEC509}.AppStore|ARM.Build.0 = AppStore|iPhone
		{E5F47C17-D828-4D32-BE23-921FF6DEC509}.AppStore|ARM.Deploy.0 = AppStore|iPhone
		{E5F47C17-D828-4D32-BE23-921FF6DEC509}.AppStore|iPhone.ActiveCfg = AppStore|iPhone
		{E5F47C17-D828-4D32-BE23-921FF6DEC509}.AppStore|iPhone.Build.0 = AppStore|iPhone
		{E5F47C17-D828-4D32-BE23-921FF6DEC509}.AppStore|iPhone.Deploy.0 = AppStore|iPhone
		{E5F47C17-D828-4D32-BE23-921FF6DEC509}.AppStore|iPhoneSimulator.ActiveCfg = AppStore|iPhoneSimulator
		{E5F47C17-D828-4D32-BE23-921FF6DEC509}.AppStore|iPhoneSimulator.Build.0 = AppStore|iPhoneSimulator
		{E5F47C17-D828-4D32-BE23-921FF6DEC509}.AppStore|iPhoneSimulator.Deploy.0 = AppStore|iPhoneSimulator
		{E5F47C17-D828-4D32-BE23-921FF6DEC509}.AppStore|x64.ActiveCfg = AppStore|iPhone
		{E5F47C17-D828-4D32-BE23-921FF6DEC509}.AppStore|x64.Build.0 = AppStore|iPhone
		{E5F47C17-D828-4D32-BE23-921FF6DEC509}.AppStore|x64.Deploy.0 = AppStore|iPhone
		{E5F47C17-D828-4D32-BE23-921FF6DEC509}.AppStore|x86.ActiveCfg = AppStore|iPhone
		{E5F47C17-D828-4D32-BE23-921FF6DEC509}.AppStore|x86.Build.0 = AppStore|iPhone
		{E5F47C17-D828-4D32-BE23-921FF6DEC509}.AppStore|x86.Deploy.0 = AppStore|iPhone
		{E5F47C17-D828-4D32-BE23-921FF6DEC509}.Debug|Any CPU.ActiveCfg = Debug|iPhoneSimulator
		{E5F47C17-D828-4D32-BE23-921FF6DEC509}.Debug|Any CPU.Build.0 = Debug|iPhoneSimulator
		{E5F47C17-D828-4D32-BE23-921FF6DEC509}.Debug|Any CPU.Deploy.0 = Debug|iPhoneSimulator
		{E5F47C17-D828-4D32-BE23-921FF6DEC509}.Debug|ARM.ActiveCfg = Debug|iPhone
		{E5F47C17-D828-4D32-BE23-921FF6DEC509}.Debug|ARM.Build.0 = Debug|iPhone
		{E5F47C17-D828-4D32-BE23-921FF6DEC509}.Debug|ARM.Deploy.0 = Debug|iPhone
		{E5F47C17-D828-4D32-BE23-921FF6DEC509}.Debug|iPhone.ActiveCfg = Debug|iPhone
		{E5F47C17-D828-4D32-BE23-921FF6DEC509}.Debug|iPhone.Build.0 = Debug|iPhone
		{E5F47C17-D828-4D32-BE23-921FF6DEC509}.Debug|iPhone.Deploy.0 = Debug|iPhone
		{E5F47C17-D828-4D32-BE23-921FF6DEC509}.Debug|iPhoneSimulator.ActiveCfg = Debug|iPhoneSimulator
		{E5F47C17-D828-4D32-BE23-921FF6DEC509}.Debug|iPhoneSimulator.Build.0 = Debug|iPhoneSimulator
		{E5F47C17-D828-4D32-BE23-921FF6DEC509}.Debug|iPhoneSimulator.Deploy.0 = Debug|iPhoneSimulator
		{E5F47C17-D828-4D32-BE23-921FF6DEC509}.Debug|x64.ActiveCfg = Debug|iPhone
		{E5F47C17-D828-4D32-BE23-921FF6DEC509}.Debug|x64.Build.0 = Debug|iPhone
		{E5F47C17-D828-4D32-BE23-921FF6DEC509}.Debug|x64.Deploy.0 = Debug|iPhone
		{E5F47C17-D828-4D32-BE23-921FF6DEC509}.Debug|x86.ActiveCfg = Debug|iPhone
		{E5F47C17-D828-4D32-BE23-921FF6DEC509}.Debug|x86.Build.0 = Debug|iPhone
		{E5F47C17-D828-4D32-BE23-921FF6DEC509}.Debug|x86.Deploy.0 = Debug|iPhone
		{E5F47C17-D828-4D32-BE23-921FF6DEC509}.Release|Any CPU.ActiveCfg = Release|iPhone
		{E5F47C17-D828-4D32-BE23-921FF6DEC509}.Release|Any CPU.Build.0 = Release|iPhone
		{E5F47C17-D828-4D32-BE23-921FF6DEC509}.Release|Any CPU.Deploy.0 = Release|iPhone
		{E5F47C17-D828-4D32-BE23-921FF6DEC509}.Release|ARM.ActiveCfg = Release|iPhone
		{E5F47C17-D828-4D32-BE23-921FF6DEC509}.Release|ARM.Build.0 = Release|iPhone
		{E5F47C17-D828-4D32-BE23-921FF6DEC509}.Release|ARM.Deploy.0 = Release|iPhone
		{E5F47C17-D828-4D32-BE23-921FF6DEC509}.Release|iPhone.ActiveCfg = Release|iPhone
		{E5F47C17-D828-4D32-BE23-921FF6DEC509}.Release|iPhone.Build.0 = Release|iPhone
		{E5F47C17-D828-4D32-BE23-921FF6DEC509}.Release|iPhone.Deploy.0 = Release|iPhone
		{E5F47C17-D828-4D32-BE23-921FF6DEC509}.Release|iPhoneSimulator.ActiveCfg = Release|iPhoneSimulator
		{E5F47C17-D828-4D32-BE23-921FF6DEC509}.Release|iPhoneSimulator.Build.0 = Release|iPhoneSimulator
		{E5F47C17-D828-4D32-BE23-921FF6DEC509}.Release|iPhoneSimulator.Deploy.0 = Release|iPhoneSimulator
		{E5F47C17-D828-4D32-BE23-921FF6DEC509}.Release|x64.ActiveCfg = Release|iPhone
		{E5F47C17-D828-4D32-BE23-921FF6DEC509}.Release|x64.Build.0 = Release|iPhone
		{E5F47C17-D828-4D32-BE23-921FF6DEC509}.Release|x64.Deploy.0 = Release|iPhone
		{E5F47C17-D828-4D32-BE23-921FF6DEC509}.Release|x86.ActiveCfg = Release|iPhone
		{E5F47C17-D828-4D32-BE23-921FF6DEC509}.Release|x86.Build.0 = Release|iPhone
		{E5F47C17-D828-4D32-BE23-921FF6DEC509}.Release|x86.Deploy.0 = Release|iPhone
		{6F512DE6-39EC-45E1-8540-BD6CFD18914B}.Ad-Hoc|Any CPU.ActiveCfg = Release|x86
		{6F512DE6-39EC-45E1-8540-BD6CFD18914B}.Ad-Hoc|Any CPU.Build.0 = Release|x86
		{6F512DE6-39EC-45E1-8540-BD6CFD18914B}.Ad-Hoc|Any CPU.Deploy.0 = Release|x86
		{6F512DE6-39EC-45E1-8540-BD6CFD18914B}.Ad-Hoc|ARM.ActiveCfg = Release|ARM
		{6F512DE6-39EC-45E1-8540-BD6CFD18914B}.Ad-Hoc|ARM.Build.0 = Release|ARM
		{6F512DE6-39EC-45E1-8540-BD6CFD18914B}.Ad-Hoc|ARM.Deploy.0 = Release|ARM
		{6F512DE6-39EC-45E1-8540-BD6CFD18914B}.Ad-Hoc|iPhone.ActiveCfg = Release|x86
		{6F512DE6-39EC-45E1-8540-BD6CFD18914B}.Ad-Hoc|iPhone.Build.0 = Release|x86
		{6F512DE6-39EC-45E1-8540-BD6CFD18914B}.Ad-Hoc|iPhone.Deploy.0 = Release|x86
		{6F512DE6-39EC-45E1-8540-BD6CFD18914B}.Ad-Hoc|iPhoneSimulator.ActiveCfg = Release|x86
		{6F512DE6-39EC-45E1-8540-BD6CFD18914B}.Ad-Hoc|iPhoneSimulator.Build.0 = Release|x86
		{6F512DE6-39EC-45E1-8540-BD6CFD18914B}.Ad-Hoc|iPhoneSimulator.Deploy.0 = Release|x86
		{6F512DE6-39EC-45E1-8540-BD6CFD18914B}.Ad-Hoc|x64.ActiveCfg = Release|x64
		{6F512DE6-39EC-45E1-8540-BD6CFD18914B}.Ad-Hoc|x64.Build.0 = Release|x64
		{6F512DE6-39EC-45E1-8540-BD6CFD18914B}.Ad-Hoc|x64.Deploy.0 = Release|x64
		{6F512DE6-39EC-45E1-8540-BD6CFD18914B}.Ad-Hoc|x86.ActiveCfg = Release|x86
		{6F512DE6-39EC-45E1-8540-BD6CFD18914B}.Ad-Hoc|x86.Build.0 = Release|x86
		{6F512DE6-39EC-45E1-8540-BD6CFD18914B}.Ad-Hoc|x86.Deploy.0 = Release|x86
		{6F512DE6-39EC-45E1-8540-BD6CFD18914B}.AppStore|Any CPU.ActiveCfg = Release|x86
		{6F512DE6-39EC-45E1-8540-BD6CFD18914B}.AppStore|Any CPU.Build.0 = Release|x86
		{6F512DE6-39EC-45E1-8540-BD6CFD18914B}.AppStore|Any CPU.Deploy.0 = Release|x86
		{6F512DE6-39EC-45E1-8540-BD6CFD18914B}.AppStore|ARM.ActiveCfg = Release|ARM
		{6F512DE6-39EC-45E1-8540-BD6CFD18914B}.AppStore|ARM.Build.0 = Release|ARM
		{6F512DE6-39EC-45E1-8540-BD6CFD18914B}.AppStore|ARM.Deploy.0 = Release|ARM
		{6F512DE6-39EC-45E1-8540-BD6CFD18914B}.AppStore|iPhone.ActiveCfg = Release|x86
		{6F512DE6-39EC-45E1-8540-BD6CFD18914B}.AppStore|iPhone.Build.0 = Release|x86
		{6F512DE6-39EC-45E1-8540-BD6CFD18914B}.AppStore|iPhone.Deploy.0 = Release|x86
		{6F512DE6-39EC-45E1-8540-BD6CFD18914B}.AppStore|iPhoneSimulator.ActiveCfg = Release|x86
		{6F512DE6-39EC-45E1-8540-BD6CFD18914B}.AppStore|iPhoneSimulator.Build.0 = Release|x86
		{6F512DE6-39EC-45E1-8540-BD6CFD18914B}.AppStore|iPhoneSimulator.Deploy.0 = Release|x86
		{6F512DE6-39EC-45E1-8540-BD6CFD18914B}.AppStore|x64.ActiveCfg = Release|x64
		{6F512DE6-39EC-45E1-8540-BD6CFD18914B}.AppStore|x64.Build.0 = Release|x64
		{6F512DE6-39EC-45E1-8540-BD6CFD18914B}.AppStore|x64.Deploy.0 = Release|x64
		{6F512DE6-39EC-45E1-8540-BD6CFD18914B}.AppStore|x86.ActiveCfg = Release|x86
		{6F512DE6-39EC-45E1-8540-BD6CFD18914B}.AppStore|x86.Build.0 = Release|x86
		{6F512DE6-39EC-45E1-8540-BD6CFD18914B}.AppStore|x86.Deploy.0 = Release|x86
		{6F512DE6-39EC-45E1-8540-BD6CFD18914B}.Debug|Any CPU.ActiveCfg = Debug|x86
		{6F512DE6-39EC-45E1-8540-BD6CFD18914B}.Debug|Any CPU.Build.0 = Debug|x86
		{6F512DE6-39EC-45E1-8540-BD6CFD18914B}.Debug|Any CPU.Deploy.0 = Debug|x86
		{6F512DE6-39EC-45E1-8540-BD6CFD18914B}.Debug|ARM.ActiveCfg = Debug|ARM
		{6F512DE6-39EC-45E1-8540-BD6CFD18914B}.Debug|ARM.Build.0 = Debug|ARM
		{6F512DE6-39EC-45E1-8540-BD6CFD18914B}.Debug|ARM.Deploy.0 = Debug|ARM
		{6F512DE6-39EC-45E1-8540-BD6CFD18914B}.Debug|iPhone.ActiveCfg = Debug|x86
		{6F512DE6-39EC-45E1-8540-BD6CFD18914B}.Debug|iPhone.Build.0 = Debug|x86
		{6F512DE6-39EC-45E1-8540-BD6CFD18914B}.Debug|iPhone.Deploy.0 = Debug|x86
		{6F512DE6-39EC-45E1-8540-BD6CFD18914B}.Debug|iPhoneSimulator.ActiveCfg = Debug|x86
		{6F512DE6-39EC-45E1-8540-BD6CFD18914B}.Debug|iPhoneSimulator.Build.0 = Debug|x86
		{6F512DE6-39EC-45E1-8540-BD6CFD18914B}.Debug|iPhoneSimulator.Deploy.0 = Debug|x86
		{6F512DE6-39EC-45E1-8540-BD6CFD18914B}.Debug|x64.ActiveCfg = Debug|x64
		{6F512DE6-39EC-45E1-8540-BD6CFD18914B}.Debug|x64.Build.0 = Debug|x64
		{6F512DE6-39EC-45E1-8540-BD6CFD18914B}.Debug|x64.Deploy.0 = Debug|x64
		{6F512DE6-39EC-45E1-8540-BD6CFD18914B}.Debug|x86.ActiveCfg = Debug|x86
		{6F512DE6-39EC-45E1-8540-BD6CFD18914B}.Debug|x86.Build.0 = Debug|x86
		{6F512DE6-39EC-45E1-8540-BD6CFD18914B}.Debug|x86.Deploy.0 = Debug|x86
		{6F512DE6-39EC-45E1-8540-BD6CFD18914B}.Release|Any CPU.ActiveCfg = Release|x86
		{6F512DE6-39EC-45E1-8540-BD6CFD18914B}.Release|Any CPU.Build.0 = Release|x86
		{6F512DE6-39EC-45E1-8540-BD6CFD18914B}.Release|Any CPU.Deploy.0 = Release|x86
		{6F512DE6-39EC-45E1-8540-BD6CFD18914B}.Release|ARM.ActiveCfg = Release|ARM
		{6F512DE6-39EC-45E1-8540-BD6CFD18914B}.Release|ARM.Build.0 = Release|ARM
		{6F512DE6-39EC-45E1-8540-BD6CFD18914B}.Release|ARM.Deploy.0 = Release|ARM
		{6F512DE6-39EC-45E1-8540-BD6CFD18914B}.Release|iPhone.ActiveCfg = Release|x86
		{6F512DE6-39EC-45E1-8540-BD6CFD18914B}.Release|iPhone.Build.0 = Release|x86
		{6F512DE6-39EC-45E1-8540-BD6CFD18914B}.Release|iPhone.Deploy.0 = Release|x86
		{6F512DE6-39EC-45E1-8540-BD6CFD18914B}.Release|iPhoneSimulator.ActiveCfg = Release|x86
		{6F512DE6-39EC-45E1-8540-BD6CFD18914B}.Release|iPhoneSimulator.Build.0 = Release|x86
		{6F512DE6-39EC-45E1-8540-BD6CFD18914B}.Release|iPhoneSimulator.Deploy.0 = Release|x86
		{6F512DE6-39EC-45E1-8540-BD6CFD18914B}.Release|x64.ActiveCfg = Release|x64
		{6F512DE6-39EC-45E1-8540-BD6CFD18914B}.Release|x64.Build.0 = Release|x64
		{6F512DE6-39EC-45E1-8540-BD6CFD18914B}.Release|x64.Deploy.0 = Release|x64
		{6F512DE6-39EC-45E1-8540-BD6CFD18914B}.Release|x86.ActiveCfg = Release|x86
		{6F512DE6-39EC-45E1-8540-BD6CFD18914B}.Release|x86.Build.0 = Release|x86
		{6F512DE6-39EC-45E1-8540-BD6CFD18914B}.Release|x86.Deploy.0 = Release|x86
		{D292468F-B17D-48C5-AC1E-A408742EBD6D}.Ad-Hoc|Any CPU.ActiveCfg = Debug|Any CPU
		{D292468F-B17D-48C5-AC1E-A408742EBD6D}.Ad-Hoc|Any CPU.Build.0 = Debug|Any CPU
		{D292468F-B17D-48C5-AC1E-A408742EBD6D}.Ad-Hoc|Any CPU.Deploy.0 = Debug|Any CPU
		{D292468F-B17D-48C5-AC1E-A408742EBD6D}.Ad-Hoc|ARM.ActiveCfg = Debug|Any CPU
		{D292468F-B17D-48C5-AC1E-A408742EBD6D}.Ad-Hoc|ARM.Build.0 = Debug|Any CPU
		{D292468F-B17D-48C5-AC1E-A408742EBD6D}.Ad-Hoc|ARM.Deploy.0 = Debug|Any CPU
		{D292468F-B17D-48C5-AC1E-A408742EBD6D}.Ad-Hoc|iPhone.ActiveCfg = Debug|Any CPU
		{D292468F-B17D-48C5-AC1E-A408742EBD6D}.Ad-Hoc|iPhone.Build.0 = Debug|Any CPU
		{D292468F-B17D-48C5-AC1E-A408742EBD6D}.Ad-Hoc|iPhone.Deploy.0 = Debug|Any CPU
		{D292468F-B17D-48C5-AC1E-A408742EBD6D}.Ad-Hoc|iPhoneSimulator.ActiveCfg = Debug|Any CPU
		{D292468F-B17D-48C5-AC1E-A408742EBD6D}.Ad-Hoc|iPhoneSimulator.Build.0 = Debug|Any CPU
		{D292468F-B17D-48C5-AC1E-A408742EBD6D}.Ad-Hoc|iPhoneSimulator.Deploy.0 = Debug|Any CPU
		{D292468F-B17D-48C5-AC1E-A408742EBD6D}.Ad-Hoc|x64.ActiveCfg = Debug|Any CPU
		{D292468F-B17D-48C5-AC1E-A408742EBD6D}.Ad-Hoc|x64.Build.0 = Debug|Any CPU
		{D292468F-B17D-48C5-AC1E-A408742EBD6D}.Ad-Hoc|x64.Deploy.0 = Debug|Any CPU
		{D292468F-B17D-48C5-AC1E-A408742EBD6D}.Ad-Hoc|x86.ActiveCfg = Debug|Any CPU
		{D292468F-B17D-48C5-AC1E-A408742EBD6D}.Ad-Hoc|x86.Build.0 = Debug|Any CPU
		{D292468F-B17D-48C5-AC1E-A408742EBD6D}.Ad-Hoc|x86.Deploy.0 = Debug|Any CPU
		{D292468F-B17D-48C5-AC1E-A408742EBD6D}.AppStore|Any CPU.ActiveCfg = Debug|Any CPU
		{D292468F-B17D-48C5-AC1E-A408742EBD6D}.AppStore|Any CPU.Build.0 = Debug|Any CPU
		{D292468F-B17D-48C5-AC1E-A408742EBD6D}.AppStore|Any CPU.Deploy.0 = Debug|Any CPU
		{D292468F-B17D-48C5-AC1E-A408742EBD6D}.AppStore|ARM.ActiveCfg = Debug|Any CPU
		{D292468F-B17D-48C5-AC1E-A408742EBD6D}.AppStore|ARM.Build.0 = Debug|Any CPU
		{D292468F-B17D-48C5-AC1E-A408742EBD6D}.AppStore|ARM.Deploy.0 = Debug|Any CPU
		{D292468F-B17D-48C5-AC1E-A408742EBD6D}.AppStore|iPhone.ActiveCfg = Debug|Any CPU
		{D292468F-B17D-48C5-AC1E-A408742EBD6D}.AppStore|iPhone.Build.0 = Debug|Any CPU
		{D292468F-B17D-48C5-AC1E-A408742EBD6D}.AppStore|iPhone.Deploy.0 = Debug|Any CPU
		{D292468F-B17D-48C5-AC1E-A408742EBD6D}.AppStore|iPhoneSimulator.ActiveCfg = Debug|Any CPU
		{D292468F-B17D-48C5-AC1E-A408742EBD6D}.AppStore|iPhoneSimulator.Build.0 = Debug|Any CPU
		{D292468F-B17D-48C5-AC1E-A408742EBD6D}.AppStore|iPhoneSimulator.Deploy.0 = Debug|Any CPU
		{D292468F-B17D-48C5-AC1E-A408742EBD6D}.AppStore|x64.ActiveCfg = Debug|Any CPU
		{D292468F-B17D-48C5-AC1E-A408742EBD6D}.AppStore|x64.Build.0 = Debug|Any CPU
		{D292468F-B17D-48C5-AC1E-A408742EBD6D}.AppStore|x64.Deploy.0 = Debug|Any CPU
		{D292468F-B17D-48C5-AC1E-A408742EBD6D}.AppStore|x86.ActiveCfg = Debug|Any CPU
		{D292468F-B17D-48C5-AC1E-A408742EBD6D}.AppStore|x86.Build.0 = Debug|Any CPU
		{D292468F-B17D-48C5-AC1E-A408742EBD6D}.AppStore|x86.Deploy.0 = Debug|Any CPU
		{D292468F-B17D-48C5-AC1E-A408742EBD6D}.Debug|Any CPU.ActiveCfg = Debug|Any CPU
		{D292468F-B17D-48C5-AC1E-A408742EBD6D}.Debug|Any CPU.Build.0 = Debug|Any CPU
		{D292468F-B17D-48C5-AC1E-A408742EBD6D}.Debug|Any CPU.Deploy.0 = Debug|Any CPU
		{D292468F-B17D-48C5-AC1E-A408742EBD6D}.Debug|ARM.ActiveCfg = Debug|Any CPU
		{D292468F-B17D-48C5-AC1E-A408742EBD6D}.Debug|ARM.Build.0 = Debug|Any CPU
		{D292468F-B17D-48C5-AC1E-A408742EBD6D}.Debug|ARM.Deploy.0 = Debug|Any CPU
		{D292468F-B17D-48C5-AC1E-A408742EBD6D}.Debug|iPhone.ActiveCfg = Debug|Any CPU
		{D292468F-B17D-48C5-AC1E-A408742EBD6D}.Debug|iPhone.Build.0 = Debug|Any CPU
		{D292468F-B17D-48C5-AC1E-A408742EBD6D}.Debug|iPhone.Deploy.0 = Debug|Any CPU
		{D292468F-B17D-48C5-AC1E-A408742EBD6D}.Debug|iPhoneSimulator.ActiveCfg = Debug|Any CPU
		{D292468F-B17D-48C5-AC1E-A408742EBD6D}.Debug|iPhoneSimulator.Build.0 = Debug|Any CPU
		{D292468F-B17D-48C5-AC1E-A408742EBD6D}.Debug|iPhoneSimulator.Deploy.0 = Debug|Any CPU
		{D292468F-B17D-48C5-AC1E-A408742EBD6D}.Debug|x64.ActiveCfg = Debug|Any CPU
		{D292468F-B17D-48C5-AC1E-A408742EBD6D}.Debug|x64.Build.0 = Debug|Any CPU
		{D292468F-B17D-48C5-AC1E-A408742EBD6D}.Debug|x64.Deploy.0 = Debug|Any CPU
		{D292468F-B17D-48C5-AC1E-A408742EBD6D}.Debug|x86.ActiveCfg = Debug|Any CPU
		{D292468F-B17D-48C5-AC1E-A408742EBD6D}.Debug|x86.Build.0 = Debug|Any CPU
		{D292468F-B17D-48C5-AC1E-A408742EBD6D}.Debug|x86.Deploy.0 = Debug|Any CPU
		{D292468F-B17D-48C5-AC1E-A408742EBD6D}.Release|Any CPU.ActiveCfg = Release|Any CPU
		{D292468F-B17D-48C5-AC1E-A408742EBD6D}.Release|Any CPU.Build.0 = Release|Any CPU
		{D292468F-B17D-48C5-AC1E-A408742EBD6D}.Release|Any CPU.Deploy.0 = Release|Any CPU
		{D292468F-B17D-48C5-AC1E-A408742EBD6D}.Release|ARM.ActiveCfg = Release|Any CPU
		{D292468F-B17D-48C5-AC1E-A408742EBD6D}.Release|ARM.Build.0 = Release|Any CPU
		{D292468F-B17D-48C5-AC1E-A408742EBD6D}.Release|ARM.Deploy.0 = Release|Any CPU
		{D292468F-B17D-48C5-AC1E-A408742EBD6D}.Release|iPhone.ActiveCfg = Release|Any CPU
		{D292468F-B17D-48C5-AC1E-A408742EBD6D}.Release|iPhone.Build.0 = Release|Any CPU
		{D292468F-B17D-48C5-AC1E-A408742EBD6D}.Release|iPhone.Deploy.0 = Release|Any CPU
		{D292468F-B17D-48C5-AC1E-A408742EBD6D}.Release|iPhoneSimulator.ActiveCfg = Release|Any CPU
		{D292468F-B17D-48C5-AC1E-A408742EBD6D}.Release|iPhoneSimulator.Build.0 = Release|Any CPU
		{D292468F-B17D-48C5-AC1E-A408742EBD6D}.Release|iPhoneSimulator.Deploy.0 = Release|Any CPU
		{D292468F-B17D-48C5-AC1E-A408742EBD6D}.Release|x64.ActiveCfg = Release|Any CPU
		{D292468F-B17D-48C5-AC1E-A408742EBD6D}.Release|x64.Build.0 = Release|Any CPU
		{D292468F-B17D-48C5-AC1E-A408742EBD6D}.Release|x64.Deploy.0 = Release|Any CPU
		{D292468F-B17D-48C5-AC1E-A408742EBD6D}.Release|x86.ActiveCfg = Release|Any CPU
		{D292468F-B17D-48C5-AC1E-A408742EBD6D}.Release|x86.Build.0 = Release|Any CPU
		{D292468F-B17D-48C5-AC1E-A408742EBD6D}.Release|x86.Deploy.0 = Release|Any CPU
	EndGlobalSection
	GlobalSection(SolutionProperties) = preSolution
		HideSolutionNode = FALSE
	EndGlobalSection
	GlobalSection(ExtensibilityGlobals) = postSolution
		SolutionGuid = {6963DF60-5869-4127-9196-41EF8D2BEB10}
	EndGlobalSection
EndGlobal
